// !$*UTF8*$!
{
	archiveVersion = 1;
	classes = {
	};
	objectVersion = 55;
	objects = {

/* Begin PBXBuildFile section */
		99156A0027C383ED0055F252 /* AppDelegate.swift in Sources */ = {isa = PBXBuildFile; fileRef = 991569FF27C383ED0055F252 /* AppDelegate.swift */; };
		99156A0227C383ED0055F252 /* SceneDelegate.swift in Sources */ = {isa = PBXBuildFile; fileRef = 99156A0127C383ED0055F252 /* SceneDelegate.swift */; };
		99156A0427C383ED0055F252 /* ViewController.swift in Sources */ = {isa = PBXBuildFile; fileRef = 99156A0327C383ED0055F252 /* ViewController.swift */; };
		99156A0727C383ED0055F252 /* Main.storyboard in Resources */ = {isa = PBXBuildFile; fileRef = 99156A0527C383ED0055F252 /* Main.storyboard */; };
		99156A0927C383EE0055F252 /* Assets.xcassets in Resources */ = {isa = PBXBuildFile; fileRef = 99156A0827C383EE0055F252 /* Assets.xcassets */; };
		99156A0C27C383EE0055F252 /* LaunchScreen.storyboard in Resources */ = {isa = PBXBuildFile; fileRef = 99156A0A27C383EE0055F252 /* LaunchScreen.storyboard */; };
		A6302F0427D49CC3002D0766 /* PronounsViewController.swift in Sources */ = {isa = PBXBuildFile; fileRef = A6302F0327D49CC3002D0766 /* PronounsViewController.swift */; };
		A6302F0627D49D2F002D0766 /* Card.swift in Sources */ = {isa = PBXBuildFile; fileRef = A6302F0527D49D2F002D0766 /* Card.swift */; };
		A6302F0827D49D3E002D0766 /* VerbViewController.swift in Sources */ = {isa = PBXBuildFile; fileRef = A6302F0727D49D3E002D0766 /* VerbViewController.swift */; };
		A6302F1027D4A146002D0766 /* CardCVCell.swift in Sources */ = {isa = PBXBuildFile; fileRef = A6302F0F27D4A146002D0766 /* CardCVCell.swift */; };
		A6302F1227D4ABA7002D0766 /* CardViewController.swift in Sources */ = {isa = PBXBuildFile; fileRef = A6302F1127D4ABA7002D0766 /* CardViewController.swift */; };
		A6309E1E27D726100035B0F6 /* CategoryCardViewController.swift in Sources */ = {isa = PBXBuildFile; fileRef = A6309E1D27D726100035B0F6 /* CategoryCardViewController.swift */; };
		A6309E2027D72D3A0035B0F6 /* FoodCardViewController.swift in Sources */ = {isa = PBXBuildFile; fileRef = A6309E1F27D72D3A0035B0F6 /* FoodCardViewController.swift */; };
		A6309E2227D734BA0035B0F6 /* ActiviteisViewController.swift in Sources */ = {isa = PBXBuildFile; fileRef = A6309E2127D734BA0035B0F6 /* ActiviteisViewController.swift */; };
		A6309E2427D739450035B0F6 /* ItemsCardViewController.swift in Sources */ = {isa = PBXBuildFile; fileRef = A6309E2327D739450035B0F6 /* ItemsCardViewController.swift */; };
		A6309E2627D73CCD0035B0F6 /* PlacesCardViewController.swift in Sources */ = {isa = PBXBuildFile; fileRef = A6309E2527D73CCD0035B0F6 /* PlacesCardViewController.swift */; };
		A663B73F27D783C10016DE81 /* FoodVC.swift in Sources */ = {isa = PBXBuildFile; fileRef = A663B73E27D783C10016DE81 /* FoodVC.swift */; };
		A663B74127D783D70016DE81 /* ActiviteisVC.swift in Sources */ = {isa = PBXBuildFile; fileRef = A663B74027D783D70016DE81 /* ActiviteisVC.swift */; };
		A663B74327D783EB0016DE81 /* ItemsVC.swift in Sources */ = {isa = PBXBuildFile; fileRef = A663B74227D783EB0016DE81 /* ItemsVC.swift */; };
		A66BFC3D27D670B7005C846C /* CategoryViewController.swift in Sources */ = {isa = PBXBuildFile; fileRef = A66BFC3C27D670B7005C846C /* CategoryViewController.swift */; };
/* End PBXBuildFile section */

/* Begin PBXFileReference section */
		991569FC27C383ED0055F252 /* KidsCard.app */ = {isa = PBXFileReference; explicitFileType = wrapper.application; includeInIndex = 0; path = KidsCard.app; sourceTree = BUILT_PRODUCTS_DIR; };
		991569FF27C383ED0055F252 /* AppDelegate.swift */ = {isa = PBXFileReference; lastKnownFileType = sourcecode.swift; path = AppDelegate.swift; sourceTree = "<group>"; };
		99156A0127C383ED0055F252 /* SceneDelegate.swift */ = {isa = PBXFileReference; lastKnownFileType = sourcecode.swift; path = SceneDelegate.swift; sourceTree = "<group>"; };
		99156A0327C383ED0055F252 /* ViewController.swift */ = {isa = PBXFileReference; lastKnownFileType = sourcecode.swift; path = ViewController.swift; sourceTree = "<group>"; };
		99156A0627C383ED0055F252 /* Base */ = {isa = PBXFileReference; lastKnownFileType = file.storyboard; name = Base; path = Base.lproj/Main.storyboard; sourceTree = "<group>"; };
		99156A0827C383EE0055F252 /* Assets.xcassets */ = {isa = PBXFileReference; lastKnownFileType = folder.assetcatalog; path = Assets.xcassets; sourceTree = "<group>"; };
		99156A0B27C383EE0055F252 /* Base */ = {isa = PBXFileReference; lastKnownFileType = file.storyboard; name = Base; path = Base.lproj/LaunchScreen.storyboard; sourceTree = "<group>"; };
		99156A0D27C383EE0055F252 /* Info.plist */ = {isa = PBXFileReference; lastKnownFileType = text.plist.xml; path = Info.plist; sourceTree = "<group>"; };
		A6302F0327D49CC3002D0766 /* PronounsViewController.swift */ = {isa = PBXFileReference; lastKnownFileType = sourcecode.swift; path = PronounsViewController.swift; sourceTree = "<group>"; };
		A6302F0527D49D2F002D0766 /* Card.swift */ = {isa = PBXFileReference; fileEncoding = 4; lastKnownFileType = sourcecode.swift; path = Card.swift; sourceTree = "<group>"; };
		A6302F0727D49D3E002D0766 /* VerbViewController.swift */ = {isa = PBXFileReference; fileEncoding = 4; lastKnownFileType = sourcecode.swift; path = VerbViewController.swift; sourceTree = "<group>"; };
		A6302F0F27D4A146002D0766 /* CardCVCell.swift */ = {isa = PBXFileReference; lastKnownFileType = sourcecode.swift; path = CardCVCell.swift; sourceTree = "<group>"; };
		A6302F1127D4ABA7002D0766 /* CardViewController.swift */ = {isa = PBXFileReference; lastKnownFileType = sourcecode.swift; path = CardViewController.swift; sourceTree = "<group>"; };
		A6309E1D27D726100035B0F6 /* CategoryCardViewController.swift */ = {isa = PBXFileReference; lastKnownFileType = sourcecode.swift; path = CategoryCardViewController.swift; sourceTree = "<group>"; };
		A6309E1F27D72D3A0035B0F6 /* FoodCardViewController.swift */ = {isa = PBXFileReference; lastKnownFileType = sourcecode.swift; path = FoodCardViewController.swift; sourceTree = "<group>"; };
		A6309E2127D734BA0035B0F6 /* ActiviteisViewController.swift */ = {isa = PBXFileReference; lastKnownFileType = sourcecode.swift; path = ActiviteisViewController.swift; sourceTree = "<group>"; };
		A6309E2327D739450035B0F6 /* ItemsCardViewController.swift */ = {isa = PBXFileReference; lastKnownFileType = sourcecode.swift; path = ItemsCardViewController.swift; sourceTree = "<group>"; };
		A6309E2527D73CCD0035B0F6 /* PlacesCardViewController.swift */ = {isa = PBXFileReference; lastKnownFileType = sourcecode.swift; path = PlacesCardViewController.swift; sourceTree = "<group>"; };
		A663B73E27D783C10016DE81 /* FoodVC.swift */ = {isa = PBXFileReference; lastKnownFileType = sourcecode.swift; path = FoodVC.swift; sourceTree = "<group>"; };
		A663B74027D783D70016DE81 /* ActiviteisVC.swift */ = {isa = PBXFileReference; lastKnownFileType = sourcecode.swift; path = ActiviteisVC.swift; sourceTree = "<group>"; };
		A663B74227D783EB0016DE81 /* ItemsVC.swift */ = {isa = PBXFileReference; lastKnownFileType = sourcecode.swift; path = ItemsVC.swift; sourceTree = "<group>"; };
		A66BFC3C27D670B7005C846C /* CategoryViewController.swift */ = {isa = PBXFileReference; lastKnownFileType = sourcecode.swift; path = CategoryViewController.swift; sourceTree = "<group>"; };
/* End PBXFileReference section */

/* Begin PBXFrameworksBuildPhase section */
		991569F927C383ED0055F252 /* Frameworks */ = {
			isa = PBXFrameworksBuildPhase;
			buildActionMask = 2147483647;
			files = (
			);
			runOnlyForDeploymentPostprocessing = 0;
		};
/* End PBXFrameworksBuildPhase section */

/* Begin PBXGroup section */
		991569F327C383ED0055F252 = {
			isa = PBXGroup;
			children = (
				991569FE27C383ED0055F252 /* KidsCard */,
				991569FD27C383ED0055F252 /* Products */,
			);
			sourceTree = "<group>";
		};
		991569FD27C383ED0055F252 /* Products */ = {
			isa = PBXGroup;
			children = (
				991569FC27C383ED0055F252 /* KidsCard.app */,
			);
			name = Products;
			sourceTree = "<group>";
		};
		991569FE27C383ED0055F252 /* KidsCard */ = {
			isa = PBXGroup;
			children = (
				991569FF27C383ED0055F252 /* AppDelegate.swift */,
				99156A0127C383ED0055F252 /* SceneDelegate.swift */,
				A6302F0E27D49E70002D0766 /* Model */,
				A6302F0D27D49E5B002D0766 /* View */,
				A6302F0B27D49E29002D0766 /* Contoller */,
				99156A0827C383EE0055F252 /* Assets.xcassets */,
				99156A0A27C383EE0055F252 /* LaunchScreen.storyboard */,
				99156A0D27C383EE0055F252 /* Info.plist */,
			);
			path = KidsCard;
			sourceTree = "<group>";
		};
		A6302F0B27D49E29002D0766 /* Contoller */ = {
			isa = PBXGroup;
			children = (
				99156A0327C383ED0055F252 /* ViewController.swift */,
				A6302F0727D49D3E002D0766 /* VerbViewController.swift */,
				A6302F0327D49CC3002D0766 /* PronounsViewController.swift */,
				A6302F1127D4ABA7002D0766 /* CardViewController.swift */,
				A66BFC3C27D670B7005C846C /* CategoryViewController.swift */,
				A6309E1D27D726100035B0F6 /* CategoryCardViewController.swift */,
				A6309E1F27D72D3A0035B0F6 /* FoodCardViewController.swift */,
				A6309E2127D734BA0035B0F6 /* ActiviteisViewController.swift */,
				A6309E2327D739450035B0F6 /* ItemsCardViewController.swift */,
				A6309E2527D73CCD0035B0F6 /* PlacesCardViewController.swift */,
				A663B73E27D783C10016DE81 /* FoodVC.swift */,
				A663B74027D783D70016DE81 /* ActiviteisVC.swift */,
				A663B74227D783EB0016DE81 /* ItemsVC.swift */,
			);
			path = Contoller;
			sourceTree = "<group>";
		};
		A6302F0D27D49E5B002D0766 /* View */ = {
			isa = PBXGroup;
			children = (
				99156A0527C383ED0055F252 /* Main.storyboard */,
			);
			path = View;
			sourceTree = "<group>";
		};
		A6302F0E27D49E70002D0766 /* Model */ = {
			isa = PBXGroup;
			children = (
				A6302F0527D49D2F002D0766 /* Card.swift */,
				A6302F0F27D4A146002D0766 /* CardCVCell.swift */,
			);
			path = Model;
			sourceTree = "<group>";
		};
/* End PBXGroup section */

/* Begin PBXNativeTarget section */
		991569FB27C383ED0055F252 /* KidsCard */ = {
			isa = PBXNativeTarget;
			buildConfigurationList = 99156A1027C383EE0055F252 /* Build configuration list for PBXNativeTarget "KidsCard" */;
			buildPhases = (
				991569F827C383ED0055F252 /* Sources */,
				991569F927C383ED0055F252 /* Frameworks */,
				991569FA27C383ED0055F252 /* Resources */,
			);
			buildRules = (
			);
			dependencies = (
			);
			name = KidsCard;
			productName = KidsCard;
			productReference = 991569FC27C383ED0055F252 /* KidsCard.app */;
			productType = "com.apple.product-type.application";
		};
/* End PBXNativeTarget section */

/* Begin PBXProject section */
		991569F427C383ED0055F252 /* Project object */ = {
			isa = PBXProject;
			attributes = {
				BuildIndependentTargetsInParallel = 1;
				LastSwiftUpdateCheck = 1320;
				LastUpgradeCheck = 1320;
				TargetAttributes = {
					991569FB27C383ED0055F252 = {
						CreatedOnToolsVersion = 13.2.1;
					};
				};
			};
			buildConfigurationList = 991569F727C383ED0055F252 /* Build configuration list for PBXProject "KidsCard" */;
			compatibilityVersion = "Xcode 13.0";
			developmentRegion = en;
			hasScannedForEncodings = 0;
			knownRegions = (
				en,
				Base,
			);
			mainGroup = 991569F327C383ED0055F252;
			productRefGroup = 991569FD27C383ED0055F252 /* Products */;
			projectDirPath = "";
			projectRoot = "";
			targets = (
				991569FB27C383ED0055F252 /* KidsCard */,
			);
		};
/* End PBXProject section */

/* Begin PBXResourcesBuildPhase section */
		991569FA27C383ED0055F252 /* Resources */ = {
			isa = PBXResourcesBuildPhase;
			buildActionMask = 2147483647;
			files = (
				99156A0C27C383EE0055F252 /* LaunchScreen.storyboard in Resources */,
				99156A0927C383EE0055F252 /* Assets.xcassets in Resources */,
				99156A0727C383ED0055F252 /* Main.storyboard in Resources */,
			);
			runOnlyForDeploymentPostprocessing = 0;
		};
/* End PBXResourcesBuildPhase section */

/* Begin PBXSourcesBuildPhase section */
		991569F827C383ED0055F252 /* Sources */ = {
			isa = PBXSourcesBuildPhase;
			buildActionMask = 2147483647;
			files = (
				A663B74327D783EB0016DE81 /* ItemsVC.swift in Sources */,
				99156A0427C383ED0055F252 /* ViewController.swift in Sources */,
				A6309E2227D734BA0035B0F6 /* ActiviteisViewController.swift in Sources */,
				A6302F0827D49D3E002D0766 /* VerbViewController.swift in Sources */,
				99156A0027C383ED0055F252 /* AppDelegate.swift in Sources */,
				A6302F0627D49D2F002D0766 /* Card.swift in Sources */,
				A6302F1227D4ABA7002D0766 /* CardViewController.swift in Sources */,
				A6309E2027D72D3A0035B0F6 /* FoodCardViewController.swift in Sources */,
				A6302F1027D4A146002D0766 /* CardCVCell.swift in Sources */,
				A6309E1E27D726100035B0F6 /* CategoryCardViewController.swift in Sources */,
				A6302F0427D49CC3002D0766 /* PronounsViewController.swift in Sources */,
				A6309E2627D73CCD0035B0F6 /* PlacesCardViewController.swift in Sources */,
				A663B74127D783D70016DE81 /* ActiviteisVC.swift in Sources */,
				A6309E2427D739450035B0F6 /* ItemsCardViewController.swift in Sources */,
				A66BFC3D27D670B7005C846C /* CategoryViewController.swift in Sources */,
				99156A0227C383ED0055F252 /* SceneDelegate.swift in Sources */,
				A663B73F27D783C10016DE81 /* FoodVC.swift in Sources */,
			);
			runOnlyForDeploymentPostprocessing = 0;
		};
/* End PBXSourcesBuildPhase section */

/* Begin PBXVariantGroup section */
		99156A0527C383ED0055F252 /* Main.storyboard */ = {
			isa = PBXVariantGroup;
			children = (
				99156A0627C383ED0055F252 /* Base */,
			);
			name = Main.storyboard;
			sourceTree = "<group>";
		};
		99156A0A27C383EE0055F252 /* LaunchScreen.storyboard */ = {
			isa = PBXVariantGroup;
			children = (
				99156A0B27C383EE0055F252 /* Base */,
			);
			name = LaunchScreen.storyboard;
			sourceTree = "<group>";
		};
/* End PBXVariantGroup section */

/* Begin XCBuildConfiguration section */
		99156A0E27C383EE0055F252 /* Debug */ = {
			isa = XCBuildConfiguration;
			buildSettings = {
				ALWAYS_SEARCH_USER_PATHS = NO;
				CLANG_ANALYZER_NONNULL = YES;
				CLANG_ANALYZER_NUMBER_OBJECT_CONVERSION = YES_AGGRESSIVE;
				CLANG_CXX_LANGUAGE_STANDARD = "gnu++17";
				CLANG_CXX_LIBRARY = "libc++";
				CLANG_ENABLE_MODULES = YES;
				CLANG_ENABLE_OBJC_ARC = YES;
				CLANG_ENABLE_OBJC_WEAK = YES;
				CLANG_WARN_BLOCK_CAPTURE_AUTORELEASING = YES;
				CLANG_WARN_BOOL_CONVERSION = YES;
				CLANG_WARN_COMMA = YES;
				CLANG_WARN_CONSTANT_CONVERSION = YES;
				CLANG_WARN_DEPRECATED_OBJC_IMPLEMENTATIONS = YES;
				CLANG_WARN_DIRECT_OBJC_ISA_USAGE = YES_ERROR;
				CLANG_WARN_DOCUMENTATION_COMMENTS = YES;
				CLANG_WARN_EMPTY_BODY = YES;
				CLANG_WARN_ENUM_CONVERSION = YES;
				CLANG_WARN_INFINITE_RECURSION = YES;
				CLANG_WARN_INT_CONVERSION = YES;
				CLANG_WARN_NON_LITERAL_NULL_CONVERSION = YES;
				CLANG_WARN_OBJC_IMPLICIT_RETAIN_SELF = YES;
				CLANG_WARN_OBJC_LITERAL_CONVERSION = YES;
				CLANG_WARN_OBJC_ROOT_CLASS = YES_ERROR;
				CLANG_WARN_QUOTED_INCLUDE_IN_FRAMEWORK_HEADER = YES;
				CLANG_WARN_RANGE_LOOP_ANALYSIS = YES;
				CLANG_WARN_STRICT_PROTOTYPES = YES;
				CLANG_WARN_SUSPICIOUS_MOVE = YES;
				CLANG_WARN_UNGUARDED_AVAILABILITY = YES_AGGRESSIVE;
				CLANG_WARN_UNREACHABLE_CODE = YES;
				CLANG_WARN__DUPLICATE_METHOD_MATCH = YES;
				COPY_PHASE_STRIP = NO;
				DEBUG_INFORMATION_FORMAT = dwarf;
				ENABLE_STRICT_OBJC_MSGSEND = YES;
				ENABLE_TESTABILITY = YES;
				GCC_C_LANGUAGE_STANDARD = gnu11;
				GCC_DYNAMIC_NO_PIC = NO;
				GCC_NO_COMMON_BLOCKS = YES;
				GCC_OPTIMIZATION_LEVEL = 0;
				GCC_PREPROCESSOR_DEFINITIONS = (
					"DEBUG=1",
					"$(inherited)",
				);
				GCC_WARN_64_TO_32_BIT_CONVERSION = YES;
				GCC_WARN_ABOUT_RETURN_TYPE = YES_ERROR;
				GCC_WARN_UNDECLARED_SELECTOR = YES;
				GCC_WARN_UNINITIALIZED_AUTOS = YES_AGGRESSIVE;
				GCC_WARN_UNUSED_FUNCTION = YES;
				GCC_WARN_UNUSED_VARIABLE = YES;
				IPHONEOS_DEPLOYMENT_TARGET = 15.2;
				MTL_ENABLE_DEBUG_INFO = INCLUDE_SOURCE;
				MTL_FAST_MATH = YES;
				ONLY_ACTIVE_ARCH = YES;
				SDKROOT = iphoneos;
				SWIFT_ACTIVE_COMPILATION_CONDITIONS = DEBUG;
				SWIFT_OPTIMIZATION_LEVEL = "-Onone";
			};
			name = Debug;
		};
		99156A0F27C383EE0055F252 /* Release */ = {
			isa = XCBuildConfiguration;
			buildSettings = {
				ALWAYS_SEARCH_USER_PATHS = NO;
				CLANG_ANALYZER_NONNULL = YES;
				CLANG_ANALYZER_NUMBER_OBJECT_CONVERSION = YES_AGGRESSIVE;
				CLANG_CXX_LANGUAGE_STANDARD = "gnu++17";
				CLANG_CXX_LIBRARY = "libc++";
				CLANG_ENABLE_MODULES = YES;
				CLANG_ENABLE_OBJC_ARC = YES;
				CLANG_ENABLE_OBJC_WEAK = YES;
				CLANG_WARN_BLOCK_CAPTURE_AUTORELEASING = YES;
				CLANG_WARN_BOOL_CONVERSION = YES;
				CLANG_WARN_COMMA = YES;
				CLANG_WARN_CONSTANT_CONVERSION = YES;
				CLANG_WARN_DEPRECATED_OBJC_IMPLEMENTATIONS = YES;
				CLANG_WARN_DIRECT_OBJC_ISA_USAGE = YES_ERROR;
				CLANG_WARN_DOCUMENTATION_COMMENTS = YES;
				CLANG_WARN_EMPTY_BODY = YES;
				CLANG_WARN_ENUM_CONVERSION = YES;
				CLANG_WARN_INFINITE_RECURSION = YES;
				CLANG_WARN_INT_CONVERSION = YES;
				CLANG_WARN_NON_LITERAL_NULL_CONVERSION = YES;
				CLANG_WARN_OBJC_IMPLICIT_RETAIN_SELF = YES;
				CLANG_WARN_OBJC_LITERAL_CONVERSION = YES;
				CLANG_WARN_OBJC_ROOT_CLASS = YES_ERROR;
				CLANG_WARN_QUOTED_INCLUDE_IN_FRAMEWORK_HEADER = YES;
				CLANG_WARN_RANGE_LOOP_ANALYSIS = YES;
				CLANG_WARN_STRICT_PROTOTYPES = YES;
				CLANG_WARN_SUSPICIOUS_MOVE = YES;
				CLANG_WARN_UNGUARDED_AVAILABILITY = YES_AGGRESSIVE;
				CLANG_WARN_UNREACHABLE_CODE = YES;
				CLANG_WARN__DUPLICATE_METHOD_MATCH = YES;
				COPY_PHASE_STRIP = NO;
				DEBUG_INFORMATION_FORMAT = "dwarf-with-dsym";
				ENABLE_NS_ASSERTIONS = NO;
				ENABLE_STRICT_OBJC_MSGSEND = YES;
				GCC_C_LANGUAGE_STANDARD = gnu11;
				GCC_NO_COMMON_BLOCKS = YES;
				GCC_WARN_64_TO_32_BIT_CONVERSION = YES;
				GCC_WARN_ABOUT_RETURN_TYPE = YES_ERROR;
				GCC_WARN_UNDECLARED_SELECTOR = YES;
				GCC_WARN_UNINITIALIZED_AUTOS = YES_AGGRESSIVE;
				GCC_WARN_UNUSED_FUNCTION = YES;
				GCC_WARN_UNUSED_VARIABLE = YES;
				IPHONEOS_DEPLOYMENT_TARGET = 15.2;
				MTL_ENABLE_DEBUG_INFO = NO;
				MTL_FAST_MATH = YES;
				SDKROOT = iphoneos;
				SWIFT_COMPILATION_MODE = wholemodule;
				SWIFT_OPTIMIZATION_LEVEL = "-O";
				VALIDATE_PRODUCT = YES;
			};
			name = Release;
		};
		99156A1127C383EE0055F252 /* Debug */ = {
			isa = XCBuildConfiguration;
			buildSettings = {
				ASSETCATALOG_COMPILER_APPICON_NAME = AppIcon;
				ASSETCATALOG_COMPILER_GLOBAL_ACCENT_COLOR_NAME = AccentColor;
				CODE_SIGN_STYLE = Automatic;
				CURRENT_PROJECT_VERSION = 1;
				GENERATE_INFOPLIST_FILE = YES;
				INFOPLIST_FILE = KidsCard/Info.plist;
				INFOPLIST_KEY_UIApplicationSupportsIndirectInputEvents = YES;
				INFOPLIST_KEY_UILaunchStoryboardName = LaunchScreen;
				INFOPLIST_KEY_UIMainStoryboardFile = Main;
				INFOPLIST_KEY_UISupportedInterfaceOrientations_iPad = "UIInterfaceOrientationPortrait UIInterfaceOrientationPortraitUpsideDown UIInterfaceOrientationLandscapeLeft UIInterfaceOrientationLandscapeRight";
				INFOPLIST_KEY_UISupportedInterfaceOrientations_iPhone = "UIInterfaceOrientationPortrait UIInterfaceOrientationLandscapeLeft UIInterfaceOrientationLandscapeRight";
				LD_RUNPATH_SEARCH_PATHS = (
					"$(inherited)",
					"@executable_path/Frameworks",
				);
				MARKETING_VERSION = 1.0;
				PRODUCT_BUNDLE_IDENTIFIER = sa.rawan.KidsCard;
				PRODUCT_NAME = "$(TARGET_NAME)";
				SWIFT_EMIT_LOC_STRINGS = YES;
				SWIFT_VERSION = 5.0;
				TARGETED_DEVICE_FAMILY = "1,2";
			};
			name = Debug;
		};
		99156A1227C383EE0055F252 /* Release */ = {
			isa = XCBuildConfiguration;
			buildSettings = {
				ASSETCATALOG_COMPILER_APPICON_NAME = AppIcon;
				ASSETCATALOG_COMPILER_GLOBAL_ACCENT_COLOR_NAME = AccentColor;
				CODE_SIGN_STYLE = Automatic;
				CURRENT_PROJECT_VERSION = 1;
				GENERATE_INFOPLIST_FILE = YES;
				INFOPLIST_FILE = KidsCard/Info.plist;
				INFOPLIST_KEY_UIApplicationSupportsIndirectInputEvents = YES;
				INFOPLIST_KEY_UILaunchStoryboardName = LaunchScreen;
				INFOPLIST_KEY_UIMainStoryboardFile = Main;
				INFOPLIST_KEY_UISupportedInterfaceOrientations_iPad = "UIInterfaceOrientationPortrait UIInterfaceOrientationPortraitUpsideDown UIInterfaceOrientationLandscapeLeft UIInterfaceOrientationLandscapeRight";
				INFOPLIST_KEY_UISupportedInterfaceOrientations_iPhone = "UIInterfaceOrientationPortrait UIInterfaceOrientationLandscapeLeft UIInterfaceOrientationLandscapeRight";
				LD_RUNPATH_SEARCH_PATHS = (
					"$(inherited)",
					"@executable_path/Frameworks",
				);
				MARKETING_VERSION = 1.0;
				PRODUCT_BUNDLE_IDENTIFIER = sa.rawan.KidsCard;
				PRODUCT_NAME = "$(TARGET_NAME)";
				SWIFT_EMIT_LOC_STRINGS = YES;
				SWIFT_VERSION = 5.0;
				TARGETED_DEVICE_FAMILY = "1,2";
			};
			name = Release;
		};
/* End XCBuildConfiguration section */

/* Begin XCConfigurationList section */
		991569F727C383ED0055F252 /* Build configuration list for PBXProject "KidsCard" */ = {
			isa = XCConfigurationList;
			buildConfigurations = (
				99156A0E27C383EE0055F252 /* Debug */,
				99156A0F27C383EE0055F252 /* Release */,
			);
			defaultConfigurationIsVisible = 0;
			defaultConfigurationName = Release;
		};
		99156A1027C383EE0055F252 /* Build configuration list for PBXNativeTarget "KidsCard" */ = {
			isa = XCConfigurationList;
			buildConfigurations = (
				99156A1127C383EE0055F252 /* Debug */,
				99156A1227C383EE0055F252 /* Release */,
			);
			defaultConfigurationIsVisible = 0;
			defaultConfigurationName = Release;
		};
/* End XCConfigurationList section */
	};
	rootObject = 991569F427C383ED0055F252 /* Project object */;
}
